
Microsoft Visual Studio Solution File, Format Version 12.00
# Visual Studio Version 17
VisualStudioVersion = 17.9.34728.123
MinimumVisualStudioVersion = 10.0.40219.1
Project("{FAE04EC0-301F-11D3-BF4B-00C04F79EFBC}") = "SalesWebMvc", "SalesWebMvc\SalesWebMvc.csproj", "{DA460B0F-D16B-41B5-BB2C-DF083501BEA0}"
EndProject
Global
	GlobalSection(SolutionConfigurationPlatforms) = preSolution
		Debug|Any CPU = Debug|Any CPU
		Release|Any CPU = Release|Any CPU
	EndGlobalSection
	GlobalSection(ProjectConfigurationPlatforms) = postSolution
		{DA460B0F-D16B-41B5-BB2C-DF083501BEA0}.Debug|Any CPU.ActiveCfg = Debug|Any CPU
		{DA460B0F-D16B-41B5-BB2C-DF083501BEA0}.Debug|Any CPU.Build.0 = Debug|Any CPU
		{DA460B0F-D16B-41B5-BB2C-DF083501BEA0}.Release|Any CPU.ActiveCfg = Release|Any CPU
		{DA460B0F-D16B-41B5-BB2C-DF083501BEA0}.Release|Any CPU.Build.0 = Release|Any CPU
	EndGlobalSection
	GlobalSection(SolutionProperties) = preSolution
		HideSolutionNode = FALSE
	EndGlobalSection
	GlobalSection(ExtensibilityGlobals) = postSolution
		SolutionGuid = {EC697715-BC50-44AB-901F-BA47549AE81B}
	EndGlobalSection
EndGlobal
